
Microsoft Visual Studio Solution File, Format Version 12.00
# Visual Studio Version 16
VisualStudioVersion = 16.0.30717.126
MinimumVisualStudioVersion = 10.0.40219.1
Project("{9A19103F-16F7-4668-BE54-9A1E7A4F7556}") = "Array_Practice", "Array_Practice\Array_Practice.csproj", "{EF2762B8-B76B-42B8-A7D7-05769AF73E5D}"
EndProject
Project("{9A19103F-16F7-4668-BE54-9A1E7A4F7556}") = "Dictionary", "..\Dictionary\Dictionary.csproj", "{D892E5F9-BC47-4B97-A694-17EFCC7971BF}"
EndProject
Project("{FAE04EC0-301F-11D3-BF4B-00C04F79EFBC}") = "Encapsulation", "Encapsulation\Encapsulation.csproj", "{AD428EE9-0D42-4E7A-8FFB-8D324063F7A3}"
EndProject
Project("{9A19103F-16F7-4668-BE54-9A1E7A4F7556}") = "Encapsulation01", "Encapsulation01\Encapsulation01.csproj", "{27BC0ABF-B452-44B2-8531-3129DD2465D8}"
EndProject
Project("{FAE04EC0-301F-11D3-BF4B-00C04F79EFBC}") = "files", "files\files.csproj", "{BC0810D9-546A-442C-95E5-89D101B2A32D}"
EndProject
Global
	GlobalSection(SolutionConfigurationPlatforms) = preSolution
		Debug|Any CPU = Debug|Any CPU
		Release|Any CPU = Release|Any CPU
	EndGlobalSection
	GlobalSection(ProjectConfigurationPlatforms) = postSolution
		{EF2762B8-B76B-42B8-A7D7-05769AF73E5D}.Debug|Any CPU.ActiveCfg = Debug|Any CPU
		{EF2762B8-B76B-42B8-A7D7-05769AF73E5D}.Debug|Any CPU.Build.0 = Debug|Any CPU
		{EF2762B8-B76B-42B8-A7D7-05769AF73E5D}.Release|Any CPU.ActiveCfg = Release|Any CPU
		{EF2762B8-B76B-42B8-A7D7-05769AF73E5D}.Release|Any CPU.Build.0 = Release|Any CPU
		{D892E5F9-BC47-4B97-A694-17EFCC7971BF}.Debug|Any CPU.ActiveCfg = Debug|Any CPU
		{D892E5F9-BC47-4B97-A694-17EFCC7971BF}.Debug|Any CPU.Build.0 = Debug|Any CPU
		{D892E5F9-BC47-4B97-A694-17EFCC7971BF}.Release|Any CPU.ActiveCfg = Release|Any CPU
		{D892E5F9-BC47-4B97-A694-17EFCC7971BF}.Release|Any CPU.Build.0 = Release|Any CPU
		{AD428EE9-0D42-4E7A-8FFB-8D324063F7A3}.Debug|Any CPU.ActiveCfg = Debug|Any CPU
		{AD428EE9-0D42-4E7A-8FFB-8D324063F7A3}.Debug|Any CPU.Build.0 = Debug|Any CPU
		{AD428EE9-0D42-4E7A-8FFB-8D324063F7A3}.Release|Any CPU.ActiveCfg = Release|Any CPU
		{AD428EE9-0D42-4E7A-8FFB-8D324063F7A3}.Release|Any CPU.Build.0 = Release|Any CPU
		{27BC0ABF-B452-44B2-8531-3129DD2465D8}.Debug|Any CPU.ActiveCfg = Debug|Any CPU
		{27BC0ABF-B452-44B2-8531-3129DD2465D8}.Debug|Any CPU.Build.0 = Debug|Any CPU
		{27BC0ABF-B452-44B2-8531-3129DD2465D8}.Release|Any CPU.ActiveCfg = Release|Any CPU
		{27BC0ABF-B452-44B2-8531-3129DD2465D8}.Release|Any CPU.Build.0 = Release|Any CPU
		{BC0810D9-546A-442C-95E5-89D101B2A32D}.Debug|Any CPU.ActiveCfg = Debug|Any CPU
		{BC0810D9-546A-442C-95E5-89D101B2A32D}.Debug|Any CPU.Build.0 = Debug|Any CPU
		{BC0810D9-546A-442C-95E5-89D101B2A32D}.Release|Any CPU.ActiveCfg = Release|Any CPU
		{BC0810D9-546A-442C-95E5-89D101B2A32D}.Release|Any CPU.Build.0 = Release|Any CPU
	EndGlobalSection
	GlobalSection(SolutionProperties) = preSolution
		HideSolutionNode = FALSE
	EndGlobalSection
	GlobalSection(ExtensibilityGlobals) = postSolution
		SolutionGuid = {AF91CFBB-5B9B-4163-9164-7E55D16E1B8B}
	EndGlobalSection
EndGlobal
